
Microsoft Visual Studio Solution File, Format Version 12.00
# Visual Studio 15
Project("{FAE04EC0-301F-11D3-BF4B-00C04F79EFBC}") = "DemoVSM.Android", "DemoVSM.Android\DemoVSM.Android.csproj", "{3F10AF0F-E3A9-4C93-ACEA-29EB8222AD70}"
EndProject
Project("{FAE04EC0-301F-11D3-BF4B-00C04F79EFBC}") = "DemoVSM.iOS", "DemoVSM.iOS\DemoVSM.iOS.csproj", "{4DB5861A-3A02-49FF-BEC3-F44DE0D50224}"
EndProject
Project("{FAE04EC0-301F-11D3-BF4B-00C04F79EFBC}") = "DemoVSM", "DemoVSM\DemoVSM.csproj", "{7035A569-BA3D-4311-98C0-92D60A9690A8}"
EndProject
Global
	GlobalSection(SolutionConfigurationPlatforms) = preSolution
		Debug|Any CPU = Debug|Any CPU
		Release|Any CPU = Release|Any CPU
		Debug|iPhoneSimulator = Debug|iPhoneSimulator
		Release|iPhoneSimulator = Release|iPhoneSimulator
		Debug|iPhone = Debug|iPhone
		Release|iPhone = Release|iPhone
	EndGlobalSection
	GlobalSection(ProjectConfigurationPlatforms) = postSolution
		{3F10AF0F-E3A9-4C93-ACEA-29EB8222AD70}.Debug|Any CPU.ActiveCfg = Debug|Any CPU
		{3F10AF0F-E3A9-4C93-ACEA-29EB8222AD70}.Debug|Any CPU.Build.0 = Debug|Any CPU
		{3F10AF0F-E3A9-4C93-ACEA-29EB8222AD70}.Release|Any CPU.ActiveCfg = Release|Any CPU
		{3F10AF0F-E3A9-4C93-ACEA-29EB8222AD70}.Release|Any CPU.Build.0 = Release|Any CPU
		{3F10AF0F-E3A9-4C93-ACEA-29EB8222AD70}.Debug|iPhoneSimulator.ActiveCfg = Debug|Any CPU
		{3F10AF0F-E3A9-4C93-ACEA-29EB8222AD70}.Debug|iPhoneSimulator.Build.0 = Debug|Any CPU
		{3F10AF0F-E3A9-4C93-ACEA-29EB8222AD70}.Release|iPhoneSimulator.ActiveCfg = Release|Any CPU
		{3F10AF0F-E3A9-4C93-ACEA-29EB8222AD70}.Release|iPhoneSimulator.Build.0 = Release|Any CPU
		{3F10AF0F-E3A9-4C93-ACEA-29EB8222AD70}.Debug|iPhone.ActiveCfg = Debug|Any CPU
		{3F10AF0F-E3A9-4C93-ACEA-29EB8222AD70}.Debug|iPhone.Build.0 = Debug|Any CPU
		{3F10AF0F-E3A9-4C93-ACEA-29EB8222AD70}.Release|iPhone.ActiveCfg = Release|Any CPU
		{3F10AF0F-E3A9-4C93-ACEA-29EB8222AD70}.Release|iPhone.Build.0 = Release|Any CPU
		{4DB5861A-3A02-49FF-BEC3-F44DE0D50224}.Debug|Any CPU.ActiveCfg = Debug|iPhoneSimulator
		{4DB5861A-3A02-49FF-BEC3-F44DE0D50224}.Debug|Any CPU.Build.0 = Debug|iPhoneSimulator
		{4DB5861A-3A02-49FF-BEC3-F44DE0D50224}.Release|Any CPU.ActiveCfg = Release|iPhoneSimulator
		{4DB5861A-3A02-49FF-BEC3-F44DE0D50224}.Release|Any CPU.Build.0 = Release|iPhoneSimulator
		{4DB5861A-3A02-49FF-BEC3-F44DE0D50224}.Debug|iPhoneSimulator.ActiveCfg = Debug|iPhoneSimulator
		{4DB5861A-3A02-49FF-BEC3-F44DE0D50224}.Debug|iPhoneSimulator.Build.0 = Debug|iPhoneSimulator
		{4DB5861A-3A02-49FF-BEC3-F44DE0D50224}.Release|iPhoneSimulator.ActiveCfg = Release|iPhoneSimulator
		{4DB5861A-3A02-49FF-BEC3-F44DE0D50224}.Release|iPhoneSimulator.Build.0 = Release|iPhoneSimulator
		{4DB5861A-3A02-49FF-BEC3-F44DE0D50224}.Debug|iPhone.ActiveCfg = Debug|iPhone
		{4DB5861A-3A02-49FF-BEC3-F44DE0D50224}.Debug|iPhone.Build.0 = Debug|iPhone
		{4DB5861A-3A02-49FF-BEC3-F44DE0D50224}.Release|iPhone.ActiveCfg = Release|iPhone
		{4DB5861A-3A02-49FF-BEC3-F44DE0D50224}.Release|iPhone.Build.0 = Release|iPhone
		{7035A569-BA3D-4311-98C0-92D60A9690A8}.Debug|Any CPU.ActiveCfg = Debug|Any CPU
		{7035A569-BA3D-4311-98C0-92D60A9690A8}.Debug|Any CPU.Build.0 = Debug|Any CPU
		{7035A569-BA3D-4311-98C0-92D60A9690A8}.Release|Any CPU.ActiveCfg = Release|Any CPU
		{7035A569-BA3D-4311-98C0-92D60A9690A8}.Release|Any CPU.Build.0 = Release|Any CPU
		{7035A569-BA3D-4311-98C0-92D60A9690A8}.Debug|iPhoneSimulator.ActiveCfg = Debug|Any CPU
		{7035A569-BA3D-4311-98C0-92D60A9690A8}.Debug|iPhoneSimulator.Build.0 = Debug|Any CPU
		{7035A569-BA3D-4311-98C0-92D60A9690A8}.Release|iPhoneSimulator.ActiveCfg = Release|Any CPU
		{7035A569-BA3D-4311-98C0-92D60A9690A8}.Release|iPhoneSimulator.Build.0 = Release|Any CPU
		{7035A569-BA3D-4311-98C0-92D60A9690A8}.Debug|iPhone.ActiveCfg = Debug|Any CPU
		{7035A569-BA3D-4311-98C0-92D60A9690A8}.Debug|iPhone.Build.0 = Debug|Any CPU
		{7035A569-BA3D-4311-98C0-92D60A9690A8}.Release|iPhone.ActiveCfg = Release|Any CPU
		{7035A569-BA3D-4311-98C0-92D60A9690A8}.Release|iPhone.Build.0 = Release|Any CPU
	EndGlobalSection
EndGlobal
